Microsoft Visual Studio Solution File, Format Version 11.00
# Visual Studio 2008

Project("{B47530D7-162B-1C7D-D1D2-9D521427099A}") = "JSONTesting", "Assembly-CSharp.csproj", "{90F15199-539F-74FD-B4D8-C26CB7023D08}"
EndProject
Global
	GlobalSection(SolutionConfigurationPlatforms) = preSolution
		Debug|Any CPU = Debug|Any CPU
		Release|Any CPU = Release|Any CPU
	EndGlobalSection
	GlobalSection(ProjectConfigurationPlatforms) = postSolution
		{90F15199-539F-74FD-B4D8-C26CB7023D08}.Debug|Any CPU.ActiveCfg = Debug|Any CPU
		{90F15199-539F-74FD-B4D8-C26CB7023D08}.Debug|Any CPU.Build.0 = Debug|Any CPU
		{90F15199-539F-74FD-B4D8-C26CB7023D08}.Release|Any CPU.ActiveCfg = Release|Any CPU
		{90F15199-539F-74FD-B4D8-C26CB7023D08}.Release|Any CPU.Build.0 = Release|Any CPU
	EndGlobalSection
	GlobalSection(SolutionProperties) = preSolution
		HideSolutionNode = FALSE
	EndGlobalSection
	GlobalSection(MonoDevelopProperties) = preSolution
		StartupItem = Assembly-CSharp.csproj
	EndGlobalSection
EndGlobal
